
Microsoft Visual Studio Solution File, Format Version 12.00
# Visual Studio 15
VisualStudioVersion = 15.0.27130.2027
MinimumVisualStudioVersion = 10.0.40219.1
Project("{FAE04EC0-301F-11D3-BF4B-00C04F79EFBC}") = "ManageDos", "ManageDos\ManageDos.csproj", "{C316AB9D-E7C6-4C88-924F-CAF12AF9F159}"
EndProject
Global
	GlobalSection(SolutionConfigurationPlatforms) = preSolution
		Debug|Any CPU = Debug|Any CPU
		Release|Any CPU = Release|Any CPU
	EndGlobalSection
	GlobalSection(ProjectConfigurationPlatforms) = postSolution
		{C316AB9D-E7C6-4C88-924F-CAF12AF9F159}.Debug|Any CPU.ActiveCfg = Debug|Any CPU
		{C316AB9D-E7C6-4C88-924F-CAF12AF9F159}.Debug|Any CPU.Build.0 = Debug|Any CPU
		{C316AB9D-E7C6-4C88-924F-CAF12AF9F159}.Release|Any CPU.ActiveCfg = Release|Any CPU
		{C316AB9D-E7C6-4C88-924F-CAF12AF9F159}.Release|Any CPU.Build.0 = Release|Any CPU
	EndGlobalSection
	GlobalSection(SolutionProperties) = preSolution
		HideSolutionNode = FALSE
	EndGlobalSection
	GlobalSection(ExtensibilityGlobals) = postSolution
		SolutionGuid = {E838BD94-07ED-4E87-94DE-8CCF2772DE55}
	EndGlobalSection
EndGlobal
